
Microsoft Visual Studio Solution File, Format Version 11.00
# Visual C# Express 2010
Project("{FAE04EC0-301F-11D3-BF4B-00C04F79EFBC}") = "PickElementACTA", "PickElementACTA\PickElementACTA.csproj", "{79ACF543-44F2-450A-8C5A-0A6C0ED8D6D4}"
EndProject
Global
	GlobalSection(SolutionConfigurationPlatforms) = preSolution
		Debug|Any CPU = Debug|Any CPU
		Release|Any CPU = Release|Any CPU
	EndGlobalSection
	GlobalSection(ProjectConfigurationPlatforms) = postSolution
		{79ACF543-44F2-450A-8C5A-0A6C0ED8D6D4}.Debug|Any CPU.ActiveCfg = Debug|Any CPU
		{79ACF543-44F2-450A-8C5A-0A6C0ED8D6D4}.Debug|Any CPU.Build.0 = Debug|Any CPU
		{79ACF543-44F2-450A-8C5A-0A6C0ED8D6D4}.Release|Any CPU.ActiveCfg = Release|Any CPU
		{79ACF543-44F2-450A-8C5A-0A6C0ED8D6D4}.Release|Any CPU.Build.0 = Release|Any CPU
	EndGlobalSection
	GlobalSection(SolutionProperties) = preSolution
		HideSolutionNode = FALSE
	EndGlobalSection
EndGlobal
